
Microsoft Visual Studio Solution File, Format Version 12.00
# Visual Studio 15
VisualStudioVersion = 15.0.27130.2010
MinimumVisualStudioVersion = 10.0.40219.1
Project("{FAE04EC0-301F-11D3-BF4B-00C04F79EFBC}") = "Payroll_", "Payroll_\Payroll_.csproj", "{AE4CD2A3-C368-46AA-96E6-A281CFC43AC7}"
EndProject
Global
	GlobalSection(SolutionConfigurationPlatforms) = preSolution
		Debug|Any CPU = Debug|Any CPU
		Release|Any CPU = Release|Any CPU
	EndGlobalSection
	GlobalSection(ProjectConfigurationPlatforms) = postSolution
		{AE4CD2A3-C368-46AA-96E6-A281CFC43AC7}.Debug|Any CPU.ActiveCfg = Debug|Any CPU
		{AE4CD2A3-C368-46AA-96E6-A281CFC43AC7}.Debug|Any CPU.Build.0 = Debug|Any CPU
		{AE4CD2A3-C368-46AA-96E6-A281CFC43AC7}.Release|Any CPU.ActiveCfg = Release|Any CPU
		{AE4CD2A3-C368-46AA-96E6-A281CFC43AC7}.Release|Any CPU.Build.0 = Release|Any CPU
	EndGlobalSection
	GlobalSection(SolutionProperties) = preSolution
		HideSolutionNode = FALSE
	EndGlobalSection
	GlobalSection(ExtensibilityGlobals) = postSolution
		SolutionGuid = {E3AFABA7-A1EF-4A78-8825-6A8040A7BEBB}
	EndGlobalSection
EndGlobal
